// !$*UTF8*$!
{
	archiveVersion = 1;
	classes = {
	};
	objectVersion = 46;
	objects = {

/* Begin PBXBuildFile section */
		3C52B3651ECE8C8900B9687D /* Constants.swift in Sources */ = {isa = PBXBuildFile; fileRef = 3C52B3641ECE8C8900B9687D /* Constants.swift */; };
		3C52B3741ECE927A00B9687D /* 1.m4v in Resources */ = {isa = PBXBuildFile; fileRef = 3C52B3671ECE927A00B9687D /* 1.m4v */; };
		3C52B3761ECE927A00B9687D /* 2.m4v in Resources */ = {isa = PBXBuildFile; fileRef = 3C52B3691ECE927A00B9687D /* 2.m4v */; };
		3C52B3781ECE927A00B9687D /* 3.m4v in Resources */ = {isa = PBXBuildFile; fileRef = 3C52B36B1ECE927A00B9687D /* 3.m4v */; };
		3C52B37A1ECE927A00B9687D /* 4.m4v in Resources */ = {isa = PBXBuildFile; fileRef = 3C52B36D1ECE927A00B9687D /* 4.m4v */; };
		3C52B37C1ECE927A00B9687D /* 5.m4v in Resources */ = {isa = PBXBuildFile; fileRef = 3C52B36F1ECE927A00B9687D /* 5.m4v */; };
		3C52B37D1ECE927A00B9687D /* heng.MOV in Resources */ = {isa = PBXBuildFile; fileRef = 3C52B3701ECE927A00B9687D /* heng.MOV */; };
		3C52B37E1ECE927A00B9687D /* IMG_8114.mp4 in Resources */ = {isa = PBXBuildFile; fileRef = 3C52B3711ECE927A00B9687D /* IMG_8114.mp4 */; };
		3C52B37F1ECE927A00B9687D /* Snip20170518_1.png in Resources */ = {isa = PBXBuildFile; fileRef = 3C52B3721ECE927A00B9687D /* Snip20170518_1.png */; };
		3C52B3801ECE927A00B9687D /* Snip20170518_3.png in Resources */ = {isa = PBXBuildFile; fileRef = 3C52B3731ECE927A00B9687D /* Snip20170518_3.png */; };
		3C52B3A11ECEF93B00B9687D /* 11.MOV in Resources */ = {isa = PBXBuildFile; fileRef = 3C52B3A01ECEF93B00B9687D /* 11.MOV */; };
		3C6714E91EDFA9DD00290FB0 /* swing1.mp4 in Resources */ = {isa = PBXBuildFile; fileRef = 3C6714E81EDFA9DD00290FB0 /* swing1.mp4 */; };
		3C6714EF1EDFFBB500290FB0 /* 5_1.mp4 in Resources */ = {isa = PBXBuildFile; fileRef = 3C6714EC1EDFFBB500290FB0 /* 5_1.mp4 */; };
		3C6714F01EDFFBB500290FB0 /* 5_2.mp4 in Resources */ = {isa = PBXBuildFile; fileRef = 3C6714ED1EDFFBB500290FB0 /* 5_2.mp4 */; };
		3C6714F11EDFFBB500290FB0 /* 5_3.mp4 in Resources */ = {isa = PBXBuildFile; fileRef = 3C6714EE1EDFFBB500290FB0 /* 5_3.mp4 */; };
		3C93FD2F1EE506F800DFC2AF /* login_back_music.mp3 in Resources */ = {isa = PBXBuildFile; fileRef = 3C93FD2E1EE506F800DFC2AF /* login_back_music.mp3 */; };
		3C93FD311EE50D0900DFC2AF /* reverse.mp4 in Resources */ = {isa = PBXBuildFile; fileRef = 3C93FD301EE50D0900DFC2AF /* reverse.mp4 */; };
		3CAF98211EBC1BCE00D8DA5E /* AppDelegate.swift in Sources */ = {isa = PBXBuildFile; fileRef = 3CAF98201EBC1BCE00D8DA5E /* AppDelegate.swift */; };
		3CAF98231EBC1BCE00D8DA5E /* ViewController.swift in Sources */ = {isa = PBXBuildFile; fileRef = 3CAF98221EBC1BCE00D8DA5E /* ViewController.swift */; };
		3CAF98261EBC1BCE00D8DA5E /* Main.storyboard in Resources */ = {isa = PBXBuildFile; fileRef = 3CAF98241EBC1BCE00D8DA5E /* Main.storyboard */; };
		3CAF98281EBC1BCF00D8DA5E /* Assets.xcassets in Resources */ = {isa = PBXBuildFile; fileRef = 3CAF98271EBC1BCF00D8DA5E /* Assets.xcassets */; };
		3CAF982B1EBC1BCF00D8DA5E /* LaunchScreen.storyboard in Resources */ = {isa = PBXBuildFile; fileRef = 3CAF98291EBC1BCF00D8DA5E /* LaunchScreen.storyboard */; };
		3CB248451ED52042005BD47C /* 121.MP4 in Resources */ = {isa = PBXBuildFile; fileRef = 3CB248441ED52042005BD47C /* 121.MP4 */; };
		3CCED7F51F035DDF00544F45 /* AVAsset+NB+Extension.swift in Sources */ = {isa = PBXBuildFile; fileRef = 3CCED7F31F035DDF00544F45 /* AVAsset+NB+Extension.swift */; };
		3CCED7F61F035DDF00544F45 /* NBAsset.swift in Sources */ = {isa = PBXBuildFile; fileRef = 3CCED7F41F035DDF00544F45 /* NBAsset.swift */; };
		3CCED8011F035E2B00544F45 /* AVExportCommand.swift in Sources */ = {isa = PBXBuildFile; fileRef = 3CCED7F81F035E2B00544F45 /* AVExportCommand.swift */; };
		3CCED8021F035E2B00544F45 /* AVUtilities.m in Sources */ = {isa = PBXBuildFile; fileRef = 3CCED7FA1F035E2B00544F45 /* AVUtilities.m */; };
		3CCED8031F035E2B00544F45 /* AVVideoBackgroundFilter.swift in Sources */ = {isa = PBXBuildFile; fileRef = 3CCED7FB1F035E2B00544F45 /* AVVideoBackgroundFilter.swift */; };
		3CCED8041F035E2B00544F45 /* AVVideoMerge.swift in Sources */ = {isa = PBXBuildFile; fileRef = 3CCED7FC1F035E2B00544F45 /* AVVideoMerge.swift */; };
		3CCED8051F035E2B00544F45 /* AVVideoReverse.swift in Sources */ = {isa = PBXBuildFile; fileRef = 3CCED7FD1F035E2B00544F45 /* AVVideoReverse.swift */; };
		3CCED8061F035E2B00544F45 /* AVVideoRotate.swift in Sources */ = {isa = PBXBuildFile; fileRef = 3CCED7FE1F035E2B00544F45 /* AVVideoRotate.swift */; };
		3CCED8071F035E2B00544F45 /* AVVideoSpeed.swift in Sources */ = {isa = PBXBuildFile; fileRef = 3CCED7FF1F035E2B00544F45 /* AVVideoSpeed.swift */; };
		3CCED8081F035E2B00544F45 /* AVVideoTrim.swift in Sources */ = {isa = PBXBuildFile; fileRef = 3CCED8001F035E2B00544F45 /* AVVideoTrim.swift */; };
		3CD5106D1ECDACB400B40746 /* Tools.swift in Sources */ = {isa = PBXBuildFile; fileRef = 3CD5106C1ECDACB400B40746 /* Tools.swift */; };
		3CD510711ECDB18700B40746 /* UIImage+Extension.swift in Sources */ = {isa = PBXBuildFile; fileRef = 3CD510701ECDB18700B40746 /* UIImage+Extension.swift */; };
		3CD510781ECDBBC300B40746 /* UIImageEffects.m in Sources */ = {isa = PBXBuildFile; fileRef = 3CD510771ECDBBC300B40746 /* UIImageEffects.m */; };
/* End PBXBuildFile section */

/* Begin PBXFileReference section */
		3C52B3641ECE8C8900B9687D /* Constants.swift */ = {isa = PBXFileReference; fileEncoding = 4; lastKnownFileType = sourcecode.swift; path = Constants.swift; sourceTree = "<group>"; };
		3C52B3671ECE927A00B9687D /* 1.m4v */ = {isa = PBXFileReference; lastKnownFileType = file; path = 1.m4v; sourceTree = "<group>"; };
		3C52B3691ECE927A00B9687D /* 2.m4v */ = {isa = PBXFileReference; lastKnownFileType = file; path = 2.m4v; sourceTree = "<group>"; };
		3C52B36B1ECE927A00B9687D /* 3.m4v */ = {isa = PBXFileReference; lastKnownFileType = file; path = 3.m4v; sourceTree = "<group>"; };
		3C52B36D1ECE927A00B9687D /* 4.m4v */ = {isa = PBXFileReference; lastKnownFileType = file; path = 4.m4v; sourceTree = "<group>"; };
		3C52B36F1ECE927A00B9687D /* 5.m4v */ = {isa = PBXFileReference; lastKnownFileType = file; path = 5.m4v; sourceTree = "<group>"; };
		3C52B3701ECE927A00B9687D /* heng.MOV */ = {isa = PBXFileReference; lastKnownFileType = video.quicktime; path = heng.MOV; sourceTree = "<group>"; };
		3C52B3711ECE927A00B9687D /* IMG_8114.mp4 */ = {isa = PBXFileReference; lastKnownFileType = file; path = IMG_8114.mp4; sourceTree = "<group>"; };
		3C52B3721ECE927A00B9687D /* Snip20170518_1.png */ = {isa = PBXFileReference; lastKnownFileType = image.png; path = Snip20170518_1.png; sourceTree = "<group>"; };
		3C52B3731ECE927A00B9687D /* Snip20170518_3.png */ = {isa = PBXFileReference; lastKnownFileType = image.png; path = Snip20170518_3.png; sourceTree = "<group>"; };
		3C52B3A01ECEF93B00B9687D /* 11.MOV */ = {isa = PBXFileReference; lastKnownFileType = video.quicktime; path = 11.MOV; sourceTree = "<group>"; };
		3C6714E81EDFA9DD00290FB0 /* swing1.mp4 */ = {isa = PBXFileReference; lastKnownFileType = file; path = swing1.mp4; sourceTree = "<group>"; };
		3C6714EC1EDFFBB500290FB0 /* 5_1.mp4 */ = {isa = PBXFileReference; lastKnownFileType = file; path = 5_1.mp4; sourceTree = "<group>"; };
		3C6714ED1EDFFBB500290FB0 /* 5_2.mp4 */ = {isa = PBXFileReference; lastKnownFileType = file; path = 5_2.mp4; sourceTree = "<group>"; };
		3C6714EE1EDFFBB500290FB0 /* 5_3.mp4 */ = {isa = PBXFileReference; lastKnownFileType = file; path = 5_3.mp4; sourceTree = "<group>"; };
		3C692DF91EBC56FF003005C6 /* SFAVTools-Bridging-Header.h */ = {isa = PBXFileReference; lastKnownFileType = sourcecode.c.h; path = "SFAVTools-Bridging-Header.h"; sourceTree = "<group>"; };
		3C93FD2E1EE506F800DFC2AF /* login_back_music.mp3 */ = {isa = PBXFileReference; lastKnownFileType = audio.mp3; path = login_back_music.mp3; sourceTree = "<group>"; };
		3C93FD301EE50D0900DFC2AF /* reverse.mp4 */ = {isa = PBXFileReference; lastKnownFileType = file; path = reverse.mp4; sourceTree = "<group>"; };
		3CAF981D1EBC1BCE00D8DA5E /* SFAVTools.app */ = {isa = PBXFileReference; explicitFileType = wrapper.application; includeInIndex = 0; path = SFAVTools.app; sourceTree = BUILT_PRODUCTS_DIR; };
		3CAF98201EBC1BCE00D8DA5E /* AppDelegate.swift */ = {isa = PBXFileReference; lastKnownFileType = sourcecode.swift; path = AppDelegate.swift; sourceTree = "<group>"; };
		3CAF98221EBC1BCE00D8DA5E /* ViewController.swift */ = {isa = PBXFileReference; lastKnownFileType = sourcecode.swift; path = ViewController.swift; sourceTree = "<group>"; };
		3CAF98251EBC1BCE00D8DA5E /* Base */ = {isa = PBXFileReference; lastKnownFileType = file.storyboard; name = Base; path = Base.lproj/Main.storyboard; sourceTree = "<group>"; };
		3CAF98271EBC1BCF00D8DA5E /* Assets.xcassets */ = {isa = PBXFileReference; lastKnownFileType = folder.assetcatalog; path = Assets.xcassets; sourceTree = "<group>"; };
		3CAF982A1EBC1BCF00D8DA5E /* Base */ = {isa = PBXFileReference; lastKnownFileType = file.storyboard; name = Base; path = Base.lproj/LaunchScreen.storyboard; sourceTree = "<group>"; };
		3CAF982C1EBC1BCF00D8DA5E /* Info.plist */ = {isa = PBXFileReference; lastKnownFileType = text.plist.xml; path = Info.plist; sourceTree = "<group>"; };
		3CB248441ED52042005BD47C /* 121.MP4 */ = {isa = PBXFileReference; lastKnownFileType = file; path = 121.MP4; sourceTree = "<group>"; };
		3CCED7F31F035DDF00544F45 /* AVAsset+NB+Extension.swift */ = {isa = PBXFileReference; fileEncoding = 4; lastKnownFileType = sourcecode.swift; path = "AVAsset+NB+Extension.swift"; sourceTree = "<group>"; };
		3CCED7F41F035DDF00544F45 /* NBAsset.swift */ = {isa = PBXFileReference; fileEncoding = 4; lastKnownFileType = sourcecode.swift; path = NBAsset.swift; sourceTree = "<group>"; };
		3CCED7F81F035E2B00544F45 /* AVExportCommand.swift */ = {isa = PBXFileReference; fileEncoding = 4; lastKnownFileType = sourcecode.swift; path = AVExportCommand.swift; sourceTree = "<group>"; };
		3CCED7F91F035E2B00544F45 /* AVUtilities.h */ = {isa = PBXFileReference; fileEncoding = 4; lastKnownFileType = sourcecode.c.h; path = AVUtilities.h; sourceTree = "<group>"; };
		3CCED7FA1F035E2B00544F45 /* AVUtilities.m */ = {isa = PBXFileReference; fileEncoding = 4; lastKnownFileType = sourcecode.c.objc; path = AVUtilities.m; sourceTree = "<group>"; };
		3CCED7FB1F035E2B00544F45 /* AVVideoBackgroundFilter.swift */ = {isa = PBXFileReference; fileEncoding = 4; lastKnownFileType = sourcecode.swift; path = AVVideoBackgroundFilter.swift; sourceTree = "<group>"; };
		3CCED7FC1F035E2B00544F45 /* AVVideoMerge.swift */ = {isa = PBXFileReference; fileEncoding = 4; lastKnownFileType = sourcecode.swift; path = AVVideoMerge.swift; sourceTree = "<group>"; };
		3CCED7FD1F035E2B00544F45 /* AVVideoReverse.swift */ = {isa = PBXFileReference; fileEncoding = 4; lastKnownFileType = sourcecode.swift; path = AVVideoReverse.swift; sourceTree = "<group>"; };
		3CCED7FE1F035E2B00544F45 /* AVVideoRotate.swift */ = {isa = PBXFileReference; fileEncoding = 4; lastKnownFileType = sourcecode.swift; path = AVVideoRotate.swift; sourceTree = "<group>"; };
		3CCED7FF1F035E2B00544F45 /* AVVideoSpeed.swift */ = {isa = PBXFileReference; fileEncoding = 4; lastKnownFileType = sourcecode.swift; path = AVVideoSpeed.swift; sourceTree = "<group>"; };
		3CCED8001F035E2B00544F45 /* AVVideoTrim.swift */ = {isa = PBXFileReference; fileEncoding = 4; lastKnownFileType = sourcecode.swift; path = AVVideoTrim.swift; sourceTree = "<group>"; };
		3CD5106C1ECDACB400B40746 /* Tools.swift */ = {isa = PBXFileReference; fileEncoding = 4; lastKnownFileType = sourcecode.swift; path = Tools.swift; sourceTree = "<group>"; };
		3CD510701ECDB18700B40746 /* UIImage+Extension.swift */ = {isa = PBXFileReference; fileEncoding = 4; lastKnownFileType = sourcecode.swift; path = "UIImage+Extension.swift"; sourceTree = "<group>"; };
		3CD510761ECDBBC300B40746 /* UIImageEffects.h */ = {isa = PBXFileReference; fileEncoding = 4; lastKnownFileType = sourcecode.c.h; path = UIImageEffects.h; sourceTree = "<group>"; };
		3CD510771ECDBBC300B40746 /* UIImageEffects.m */ = {isa = PBXFileReference; fileEncoding = 4; lastKnownFileType = sourcecode.c.objc; path = UIImageEffects.m; sourceTree = "<group>"; };
/* End PBXFileReference section */

/* Begin PBXFrameworksBuildPhase section */
		3CAF981A1EBC1BCE00D8DA5E /* Frameworks */ = {
			isa = PBXFrameworksBuildPhase;
			buildActionMask = 2147483647;
			files = (
			);
			runOnlyForDeploymentPostprocessing = 0;
		};
/* End PBXFrameworksBuildPhase section */

/* Begin PBXGroup section */
		3C52B3661ECE927A00B9687D /* Resources */ = {
			isa = PBXGroup;
			children = (
				3C93FD2E1EE506F800DFC2AF /* login_back_music.mp3 */,
				3C6714EC1EDFFBB500290FB0 /* 5_1.mp4 */,
				3C6714ED1EDFFBB500290FB0 /* 5_2.mp4 */,
				3C6714EE1EDFFBB500290FB0 /* 5_3.mp4 */,
				3C6714E81EDFA9DD00290FB0 /* swing1.mp4 */,
				3C93FD301EE50D0900DFC2AF /* reverse.mp4 */,
				3C52B3A01ECEF93B00B9687D /* 11.MOV */,
				3C52B3671ECE927A00B9687D /* 1.m4v */,
				3C52B3691ECE927A00B9687D /* 2.m4v */,
				3C52B36B1ECE927A00B9687D /* 3.m4v */,
				3C52B36D1ECE927A00B9687D /* 4.m4v */,
				3C52B36F1ECE927A00B9687D /* 5.m4v */,
				3C52B3701ECE927A00B9687D /* heng.MOV */,
				3CB248441ED52042005BD47C /* 121.MP4 */,
				3C52B3711ECE927A00B9687D /* IMG_8114.mp4 */,
				3C52B3721ECE927A00B9687D /* Snip20170518_1.png */,
				3C52B3731ECE927A00B9687D /* Snip20170518_3.png */,
			);
			path = Resources;
			sourceTree = "<group>";
		};
		3CAF98141EBC1BCE00D8DA5E = {
			isa = PBXGroup;
			children = (
				3CAF981F1EBC1BCE00D8DA5E /* SFAVTools */,
				3CAF981E1EBC1BCE00D8DA5E /* Products */,
			);
			sourceTree = "<group>";
		};
		3CAF981E1EBC1BCE00D8DA5E /* Products */ = {
			isa = PBXGroup;
			children = (
				3CAF981D1EBC1BCE00D8DA5E /* SFAVTools.app */,
			);
			name = Products;
			sourceTree = "<group>";
		};
		3CAF981F1EBC1BCE00D8DA5E /* SFAVTools */ = {
			isa = PBXGroup;
			children = (
				3CCED7F21F035DDF00544F45 /* NBAsset */,
				3CCED7F71F035E2B00544F45 /* SingleAVTools */,
				3CAF98201EBC1BCE00D8DA5E /* AppDelegate.swift */,
				3CAF98221EBC1BCE00D8DA5E /* ViewController.swift */,
				3CD5106A1ECDACB400B40746 /* Tools */,
				3C52B3661ECE927A00B9687D /* Resources */,
				3CAF98241EBC1BCE00D8DA5E /* Main.storyboard */,
				3CAF98271EBC1BCF00D8DA5E /* Assets.xcassets */,
				3CAF98291EBC1BCF00D8DA5E /* LaunchScreen.storyboard */,
				3CAF982C1EBC1BCF00D8DA5E /* Info.plist */,
				3C692DF91EBC56FF003005C6 /* SFAVTools-Bridging-Header.h */,
			);
			path = SFAVTools;
			sourceTree = "<group>";
		};
		3CCED7F21F035DDF00544F45 /* NBAsset */ = {
			isa = PBXGroup;
			children = (
				3CCED7F31F035DDF00544F45 /* AVAsset+NB+Extension.swift */,
				3CCED7F41F035DDF00544F45 /* NBAsset.swift */,
			);
			path = NBAsset;
			sourceTree = "<group>";
		};
		3CCED7F71F035E2B00544F45 /* SingleAVTools */ = {
			isa = PBXGroup;
			children = (
				3CCED7F81F035E2B00544F45 /* AVExportCommand.swift */,
				3CCED7F91F035E2B00544F45 /* AVUtilities.h */,
				3CCED7FA1F035E2B00544F45 /* AVUtilities.m */,
				3CCED7FB1F035E2B00544F45 /* AVVideoBackgroundFilter.swift */,
				3CCED7FC1F035E2B00544F45 /* AVVideoMerge.swift */,
				3CCED7FD1F035E2B00544F45 /* AVVideoReverse.swift */,
				3CCED7FE1F035E2B00544F45 /* AVVideoRotate.swift */,
				3CCED7FF1F035E2B00544F45 /* AVVideoSpeed.swift */,
				3CCED8001F035E2B00544F45 /* AVVideoTrim.swift */,
			);
			path = SingleAVTools;
			sourceTree = "<group>";
		};
		3CD5106A1ECDACB400B40746 /* Tools */ = {
			isa = PBXGroup;
			children = (
				3CD510741ECDBB8200B40746 /* Libs */,
				3CD5106B1ECDACB400B40746 /* Extensions */,
				3CD5106C1ECDACB400B40746 /* Tools.swift */,
				3C52B3641ECE8C8900B9687D /* Constants.swift */,
			);
			path = Tools;
			sourceTree = "<group>";
		};
		3CD5106B1ECDACB400B40746 /* Extensions */ = {
			isa = PBXGroup;
			children = (
				3CD510701ECDB18700B40746 /* UIImage+Extension.swift */,
			);
			path = Extensions;
			sourceTree = "<group>";
		};
		3CD510741ECDBB8200B40746 /* Libs */ = {
			isa = PBXGroup;
			children = (
				3CD510751ECDBBC300B40746 /* UIImageEffects */,
			);
			path = Libs;
			sourceTree = "<group>";
		};
		3CD510751ECDBBC300B40746 /* UIImageEffects */ = {
			isa = PBXGroup;
			children = (
				3CD510761ECDBBC300B40746 /* UIImageEffects.h */,
				3CD510771ECDBBC300B40746 /* UIImageEffects.m */,
			);
			path = UIImageEffects;
			sourceTree = "<group>";
		};
/* End PBXGroup section */

/* Begin PBXNativeTarget section */
		3CAF981C1EBC1BCE00D8DA5E /* SFAVTools */ = {
			isa = PBXNativeTarget;
			buildConfigurationList = 3CAF982F1EBC1BCF00D8DA5E /* Build configuration list for PBXNativeTarget "SFAVTools" */;
			buildPhases = (
				3CAF98191EBC1BCE00D8DA5E /* Sources */,
				3CAF981A1EBC1BCE00D8DA5E /* Frameworks */,
				3CAF981B1EBC1BCE00D8DA5E /* Resources */,
			);
			buildRules = (
			);
			dependencies = (
			);
			name = SFAVTools;
			productName = SFAVTools;
			productReference = 3CAF981D1EBC1BCE00D8DA5E /* SFAVTools.app */;
			productType = "com.apple.product-type.application";
		};
/* End PBXNativeTarget section */

/* Begin PBXProject section */
		3CAF98151EBC1BCE00D8DA5E /* Project object */ = {
			isa = PBXProject;
			attributes = {
				LastSwiftUpdateCheck = 0820;
				LastUpgradeCheck = 0820;
				ORGANIZATIONNAME = Edward;
				TargetAttributes = {
					3CAF981C1EBC1BCE00D8DA5E = {
						CreatedOnToolsVersion = 8.2.1;
						DevelopmentTeam = 9M66E3J572;
						LastSwiftMigration = 0820;
						ProvisioningStyle = Automatic;
					};
				};
			};
			buildConfigurationList = 3CAF98181EBC1BCE00D8DA5E /* Build configuration list for PBXProject "SFAVTools" */;
			compatibilityVersion = "Xcode 3.2";
			developmentRegion = English;
			hasScannedForEncodings = 0;
			knownRegions = (
				en,
				Base,
			);
			mainGroup = 3CAF98141EBC1BCE00D8DA5E;
			productRefGroup = 3CAF981E1EBC1BCE00D8DA5E /* Products */;
			projectDirPath = "";
			projectRoot = "";
			targets = (
				3CAF981C1EBC1BCE00D8DA5E /* SFAVTools */,
			);
		};
/* End PBXProject section */

/* Begin PBXResourcesBuildPhase section */
		3CAF981B1EBC1BCE00D8DA5E /* Resources */ = {
			isa = PBXResourcesBuildPhase;
			buildActionMask = 2147483647;
			files = (
				3CB248451ED52042005BD47C /* 121.MP4 in Resources */,
				3C52B37C1ECE927A00B9687D /* 5.m4v in Resources */,
				3C93FD311EE50D0900DFC2AF /* reverse.mp4 in Resources */,
				3C6714F11EDFFBB500290FB0 /* 5_3.mp4 in Resources */,
				3C52B37E1ECE927A00B9687D /* IMG_8114.mp4 in Resources */,
				3C52B3801ECE927A00B9687D /* Snip20170518_3.png in Resources */,
				3C93FD2F1EE506F800DFC2AF /* login_back_music.mp3 in Resources */,
				3C52B37D1ECE927A00B9687D /* heng.MOV in Resources */,
				3C52B3A11ECEF93B00B9687D /* 11.MOV in Resources */,
				3C52B3761ECE927A00B9687D /* 2.m4v in Resources */,
				3C6714F01EDFFBB500290FB0 /* 5_2.mp4 in Resources */,
				3C52B37F1ECE927A00B9687D /* Snip20170518_1.png in Resources */,
				3CAF982B1EBC1BCF00D8DA5E /* LaunchScreen.storyboard in Resources */,
				3C52B37A1ECE927A00B9687D /* 4.m4v in Resources */,
				3C6714EF1EDFFBB500290FB0 /* 5_1.mp4 in Resources */,
				3C52B3781ECE927A00B9687D /* 3.m4v in Resources */,
				3CAF98281EBC1BCF00D8DA5E /* Assets.xcassets in Resources */,
				3C52B3741ECE927A00B9687D /* 1.m4v in Resources */,
				3C6714E91EDFA9DD00290FB0 /* swing1.mp4 in Resources */,
				3CAF98261EBC1BCE00D8DA5E /* Main.storyboard in Resources */,
			);
			runOnlyForDeploymentPostprocessing = 0;
		};
/* End PBXResourcesBuildPhase section */

/* Begin PBXSourcesBuildPhase section */
		3CAF98191EBC1BCE00D8DA5E /* Sources */ = {
			isa = PBXSourcesBuildPhase;
			buildActionMask = 2147483647;
			files = (
				3CD510711ECDB18700B40746 /* UIImage+Extension.swift in Sources */,
				3CCED8021F035E2B00544F45 /* AVUtilities.m in Sources */,
				3CD510781ECDBBC300B40746 /* UIImageEffects.m in Sources */,
				3CCED8061F035E2B00544F45 /* AVVideoRotate.swift in Sources */,
				3CCED8041F035E2B00544F45 /* AVVideoMerge.swift in Sources */,
				3CCED7F61F035DDF00544F45 /* NBAsset.swift in Sources */,
				3CCED8081F035E2B00544F45 /* AVVideoTrim.swift in Sources */,
				3CAF98231EBC1BCE00D8DA5E /* ViewController.swift in Sources */,
				3C52B3651ECE8C8900B9687D /* Constants.swift in Sources */,
				3CCED8071F035E2B00544F45 /* AVVideoSpeed.swift in Sources */,
				3CAF98211EBC1BCE00D8DA5E /* AppDelegate.swift in Sources */,
				3CCED8031F035E2B00544F45 /* AVVideoBackgroundFilter.swift in Sources */,
				3CD5106D1ECDACB400B40746 /* Tools.swift in Sources */,
				3CCED8051F035E2B00544F45 /* AVVideoReverse.swift in Sources */,
				3CCED7F51F035DDF00544F45 /* AVAsset+NB+Extension.swift in Sources */,
				3CCED8011F035E2B00544F45 /* AVExportCommand.swift in Sources */,
			);
			runOnlyForDeploymentPostprocessing = 0;
		};
/* End PBXSourcesBuildPhase section */

/* Begin PBXVariantGroup section */
		3CAF98241EBC1BCE00D8DA5E /* Main.storyboard */ = {
			isa = PBXVariantGroup;
			children = (
				3CAF98251EBC1BCE00D8DA5E /* Base */,
			);
			name = Main.storyboard;
			sourceTree = "<group>";
		};
		3CAF98291EBC1BCF00D8DA5E /* LaunchScreen.storyboard */ = {
			isa = PBXVariantGroup;
			children = (
				3CAF982A1EBC1BCF00D8DA5E /* Base */,
			);
			name = LaunchScreen.storyboard;
			sourceTree = "<group>";
		};
/* End PBXVariantGroup section */

/* Begin XCBuildConfiguration section */
		3CAF982D1EBC1BCF00D8DA5E /* Debug */ = {
			isa = XCBuildConfiguration;
			buildSettings = {
				ALWAYS_SEARCH_USER_PATHS = NO;
				CLANG_ANALYZER_NONNULL = YES;
				CLANG_CXX_LANGUAGE_STANDARD = "gnu++0x";
				CLANG_CXX_LIBRARY = "libc++";
				CLANG_ENABLE_MODULES = YES;
				CLANG_ENABLE_OBJC_ARC = YES;
				CLANG_WARN_BOOL_CONVERSION = YES;
				CLANG_WARN_CONSTANT_CONVERSION = YES;
				CLANG_WARN_DIRECT_OBJC_ISA_USAGE = YES_ERROR;
				CLANG_WARN_DOCUMENTATION_COMMENTS = YES;
				CLANG_WARN_EMPTY_BODY = YES;
				CLANG_WARN_ENUM_CONVERSION = YES;
				CLANG_WARN_INFINITE_RECURSION = YES;
				CLANG_WARN_INT_CONVERSION = YES;
				CLANG_WARN_OBJC_ROOT_CLASS = YES_ERROR;
				CLANG_WARN_SUSPICIOUS_MOVE = YES;
				CLANG_WARN_UNREACHABLE_CODE = YES;
				CLANG_WARN__DUPLICATE_METHOD_MATCH = YES;
				"CODE_SIGN_IDENTITY[sdk=iphoneos*]" = "iPhone Developer";
				COPY_PHASE_STRIP = NO;
				DEBUG_INFORMATION_FORMAT = dwarf;
				ENABLE_STRICT_OBJC_MSGSEND = YES;
				ENABLE_TESTABILITY = YES;
				GCC_C_LANGUAGE_STANDARD = gnu99;
				GCC_DYNAMIC_NO_PIC = NO;
				GCC_NO_COMMON_BLOCKS = YES;
				GCC_OPTIMIZATION_LEVEL = 0;
				GCC_PREPROCESSOR_DEFINITIONS = (
					"DEBUG=1",
					"$(inherited)",
				);
				GCC_WARN_64_TO_32_BIT_CONVERSION = YES;
				GCC_WARN_ABOUT_RETURN_TYPE = YES_ERROR;
				GCC_WARN_UNDECLARED_SELECTOR = YES;
				GCC_WARN_UNINITIALIZED_AUTOS = YES_AGGRESSIVE;
				GCC_WARN_UNUSED_FUNCTION = YES;
				GCC_WARN_UNUSED_VARIABLE = YES;
				IPHONEOS_DEPLOYMENT_TARGET = 10.2;
				MTL_ENABLE_DEBUG_INFO = YES;
				ONLY_ACTIVE_ARCH = YES;
				SDKROOT = iphoneos;
				SWIFT_ACTIVE_COMPILATION_CONDITIONS = DEBUG;
				SWIFT_OPTIMIZATION_LEVEL = "-Onone";
				TARGETED_DEVICE_FAMILY = "1,2";
			};
			name = Debug;
		};
		3CAF982E1EBC1BCF00D8DA5E /* Release */ = {
			isa = XCBuildConfiguration;
			buildSettings = {
				ALWAYS_SEARCH_USER_PATHS = NO;
				CLANG_ANALYZER_NONNULL = YES;
				CLANG_CXX_LANGUAGE_STANDARD = "gnu++0x";
				CLANG_CXX_LIBRARY = "libc++";
				CLANG_ENABLE_MODULES = YES;
				CLANG_ENABLE_OBJC_ARC = YES;
				CLANG_WARN_BOOL_CONVERSION = YES;
				CLANG_WARN_CONSTANT_CONVERSION = YES;
				CLANG_WARN_DIRECT_OBJC_ISA_USAGE = YES_ERROR;
				CLANG_WARN_DOCUMENTATION_COMMENTS = YES;
				CLANG_WARN_EMPTY_BODY = YES;
				CLANG_WARN_ENUM_CONVERSION = YES;
				CLANG_WARN_INFINITE_RECURSION = YES;
				CLANG_WARN_INT_CONVERSION = YES;
				CLANG_WARN_OBJC_ROOT_CLASS = YES_ERROR;
				CLANG_WARN_SUSPICIOUS_MOVE = YES;
				CLANG_WARN_UNREACHABLE_CODE = YES;
				CLANG_WARN__DUPLICATE_METHOD_MATCH = YES;
				"CODE_SIGN_IDENTITY[sdk=iphoneos*]" = "iPhone Developer";
				COPY_PHASE_STRIP = NO;
				DEBUG_INFORMATION_FORMAT = "dwarf-with-dsym";
				ENABLE_NS_ASSERTIONS = NO;
				ENABLE_STRICT_OBJC_MSGSEND = YES;
				GCC_C_LANGUAGE_STANDARD = gnu99;
				GCC_NO_COMMON_BLOCKS = YES;
				GCC_WARN_64_TO_32_BIT_CONVERSION = YES;
				GCC_WARN_ABOUT_RETURN_TYPE = YES_ERROR;
				GCC_WARN_UNDECLARED_SELECTOR = YES;
				GCC_WARN_UNINITIALIZED_AUTOS = YES_AGGRESSIVE;
				GCC_WARN_UNUSED_FUNCTION = YES;
				GCC_WARN_UNUSED_VARIABLE = YES;
				IPHONEOS_DEPLOYMENT_TARGET = 10.2;
				MTL_ENABLE_DEBUG_INFO = NO;
				SDKROOT = iphoneos;
				SWIFT_OPTIMIZATION_LEVEL = "-Owholemodule";
				TARGETED_DEVICE_FAMILY = "1,2";
				VALIDATE_PRODUCT = YES;
			};
			name = Release;
		};
		3CAF98301EBC1BCF00D8DA5E /* Debug */ = {
			isa = XCBuildConfiguration;
			buildSettings = {
				ASSETCATALOG_COMPILER_APPICON_NAME = AppIcon;
				CLANG_ENABLE_MODULES = YES;
				DEVELOPMENT_TEAM = 9M66E3J572;
				INFOPLIST_FILE = SFAVTools/Info.plist;
				IPHONEOS_DEPLOYMENT_TARGET = 8.0;
				LD_RUNPATH_SEARCH_PATHS = "$(inherited) @executable_path/Frameworks";
				PRODUCT_BUNDLE_IDENTIFIER = EdwardCorpation.SFAVTools;
				PRODUCT_NAME = "$(TARGET_NAME)";
				SWIFT_OBJC_BRIDGING_HEADER = "SFAVTools/SFAVTools-Bridging-Header.h";
				SWIFT_OPTIMIZATION_LEVEL = "-Onone";
				SWIFT_VERSION = 3.0;
			};
			name = Debug;
		};
		3CAF98311EBC1BCF00D8DA5E /* Release */ = {
			isa = XCBuildConfiguration;
			buildSettings = {
				ASSETCATALOG_COMPILER_APPICON_NAME = AppIcon;
				CLANG_ENABLE_MODULES = YES;
				DEVELOPMENT_TEAM = 9M66E3J572;
				INFOPLIST_FILE = SFAVTools/Info.plist;
				IPHONEOS_DEPLOYMENT_TARGET = 8.0;
				LD_RUNPATH_SEARCH_PATHS = "$(inherited) @executable_path/Frameworks";
				PRODUCT_BUNDLE_IDENTIFIER = EdwardCorpation.SFAVTools;
				PRODUCT_NAME = "$(TARGET_NAME)";
				SWIFT_OBJC_BRIDGING_HEADER = "SFAVTools/SFAVTools-Bridging-Header.h";
				SWIFT_VERSION = 3.0;
			};
			name = Release;
		};
/* End XCBuildConfiguration section */

/* Begin XCConfigurationList section */
		3CAF98181EBC1BCE00D8DA5E /* Build configuration list for PBXProject "SFAVTools" */ = {
			isa = XCConfigurationList;
			buildConfigurations = (
				3CAF982D1EBC1BCF00D8DA5E /* Debug */,
				3CAF982E1EBC1BCF00D8DA5E /* Release */,
			);
			defaultConfigurationIsVisible = 0;
			defaultConfigurationName = Release;
		};
		3CAF982F1EBC1BCF00D8DA5E /* Build configuration list for PBXNativeTarget "SFAVTools" */ = {
			isa = XCConfigurationList;
			buildConfigurations = (
				3CAF98301EBC1BCF00D8DA5E /* Debug */,
				3CAF98311EBC1BCF00D8DA5E /* Release */,
			);
			defaultConfigurationIsVisible = 0;
			defaultConfigurationName = Release;
		};
/* End XCConfigurationList section */
	};
	rootObject = 3CAF98151EBC1BCE00D8DA5E /* Project object */;
}
